
Microsoft Visual Studio Solution File, Format Version 12.00
# Visual Studio Version 17
VisualStudioVersion = 17.2.32616.157
MinimumVisualStudioVersion = 10.0.40219.1
Project("{FAE04EC0-301F-11D3-BF4B-00C04F79EFBC}") = "ArgumentsFlags", "ArgumentsFlags.csproj", "{0C0B836A-9F51-4D67-B41D-4ED1A5A2010E}"
EndProject
Global
	GlobalSection(SolutionConfigurationPlatforms) = preSolution
		Debug|Any CPU = Debug|Any CPU
		Release|Any CPU = Release|Any CPU
	EndGlobalSection
	GlobalSection(ProjectConfigurationPlatforms) = postSolution
		{0C0B836A-9F51-4D67-B41D-4ED1A5A2010E}.Debug|Any CPU.ActiveCfg = Debug|Any CPU
		{0C0B836A-9F51-4D67-B41D-4ED1A5A2010E}.Debug|Any CPU.Build.0 = Debug|Any CPU
		{0C0B836A-9F51-4D67-B41D-4ED1A5A2010E}.Release|Any CPU.ActiveCfg = Release|Any CPU
		{0C0B836A-9F51-4D67-B41D-4ED1A5A2010E}.Release|Any CPU.Build.0 = Release|Any CPU
	EndGlobalSection
	GlobalSection(SolutionProperties) = preSolution
		HideSolutionNode = FALSE
	EndGlobalSection
	GlobalSection(ExtensibilityGlobals) = postSolution
		SolutionGuid = {5E801E8F-8972-4842-9708-215839822FFA}
	EndGlobalSection
EndGlobal
