
Microsoft Visual Studio Solution File, Format Version 12.00
# Visual Studio Version 17
VisualStudioVersion = 17.2.32616.157
MinimumVisualStudioVersion = 10.0.40219.1
Project("{FAE04EC0-301F-11D3-BF4B-00C04F79EFBC}") = "GroupingFields", "GroupingFields.csproj", "{B0A6362D-3DAB-4D02-8760-177C9584391C}"
EndProject
Global
	GlobalSection(SolutionConfigurationPlatforms) = preSolution
		Debug|Any CPU = Debug|Any CPU
		Release|Any CPU = Release|Any CPU
	EndGlobalSection
	GlobalSection(ProjectConfigurationPlatforms) = postSolution
		{B0A6362D-3DAB-4D02-8760-177C9584391C}.Debug|Any CPU.ActiveCfg = Debug|Any CPU
		{B0A6362D-3DAB-4D02-8760-177C9584391C}.Debug|Any CPU.Build.0 = Debug|Any CPU
		{B0A6362D-3DAB-4D02-8760-177C9584391C}.Release|Any CPU.ActiveCfg = Release|Any CPU
		{B0A6362D-3DAB-4D02-8760-177C9584391C}.Release|Any CPU.Build.0 = Release|Any CPU
	EndGlobalSection
	GlobalSection(SolutionProperties) = preSolution
		HideSolutionNode = FALSE
	EndGlobalSection
	GlobalSection(ExtensibilityGlobals) = postSolution
		SolutionGuid = {4DBC4FE1-70D5-4AFA-9178-D6AE86FAFDF2}
	EndGlobalSection
EndGlobal
