
Microsoft Visual Studio Solution File, Format Version 12.00
# Visual Studio Version 17
VisualStudioVersion = 17.2.32616.157
MinimumVisualStudioVersion = 10.0.40219.1
Project("{FAE04EC0-301F-11D3-BF4B-00C04F79EFBC}") = "MagicalNumbers", "MagicalNumbers.csproj", "{42F14643-309F-45A9-A757-A998677B684E}"
EndProject
Global
	GlobalSection(SolutionConfigurationPlatforms) = preSolution
		Debug|Any CPU = Debug|Any CPU
		Release|Any CPU = Release|Any CPU
	EndGlobalSection
	GlobalSection(ProjectConfigurationPlatforms) = postSolution
		{42F14643-309F-45A9-A757-A998677B684E}.Debug|Any CPU.ActiveCfg = Debug|Any CPU
		{42F14643-309F-45A9-A757-A998677B684E}.Debug|Any CPU.Build.0 = Debug|Any CPU
		{42F14643-309F-45A9-A757-A998677B684E}.Release|Any CPU.ActiveCfg = Release|Any CPU
		{42F14643-309F-45A9-A757-A998677B684E}.Release|Any CPU.Build.0 = Release|Any CPU
	EndGlobalSection
	GlobalSection(SolutionProperties) = preSolution
		HideSolutionNode = FALSE
	EndGlobalSection
	GlobalSection(ExtensibilityGlobals) = postSolution
		SolutionGuid = {6702D744-1CAB-42EE-8B79-8845BD4596C3}
	EndGlobalSection
EndGlobal
